<?xml version="1.0" encoding="utf-8"?>
<Project ToolsVersion="4.0" xmlns="http://schemas.microsoft.com/developer/msbuild/2003">
  <ItemGroup>
    <Filter Include="Source Files">
      <UniqueIdentifier>{4FC737F1-C7A5-4376-A066-2A32D752A2FF}</UniqueIdentifier>
      <Extensions>cpp;c;cc;cxx;c++;cppm;ixx;def;odl;idl;hpj;bat;asm;asmx</Extensions>
    </Filter>
    <Filter Include="Header Files">
      <UniqueIdentifier>{93995380-89BD-4b04-88EB-625FBE52EBFB}</UniqueIdentifier>
      <Extensions>h;hh;hpp;hxx;h++;hm;inl;inc;ipp;xsd</Extensions>
    </Filter>
    <Filter Include="Resource Files">
      <UniqueIdentifier>{67DA6AB6-F800-4c08-8B7A-83BB121AAD01}</UniqueIdentifier>
      <Extensions>rc;ico;cur;bmp;dlg;rc2;rct;bin;rgs;gif;jpg;jpeg;jpe;resx;tiff;tif;png;wav;mfcribbon-ms</Extensions>
    </Filter>
  </ItemGroup>
  <ItemGroup>
    <ClCompile Include="include\MinHook\hde\hde32.c">
      <Filter>Source Files</Filter>
    </ClCompile>
    <ClCompile Include="include\MinHook\hde\hde64.c">
      <Filter>Source Files</Filter>
    </ClCompile>
    <ClCompile Include="include\MinHook\buffer.c">
      <Filter>Source Files</Filter>
    </ClCompile>
    <ClCompile Include="include\MinHook\hook.c">
      <Filter>Source Files</Filter>
    </ClCompile>
    <ClCompile Include="include\MinHook\trampoline.c">
      <Filter>Source Files</Filter>
    </ClCompile>
    <ClCompile Include="src\BytePatches\BytePatches.cpp">
      <Filter>Source Files</Filter>
    </ClCompile>
    <ClCompile Include="src\Core\Core.cpp">
      <Filter>Source Files</Filter>
    </ClCompile>
    <ClCompile Include="src\Hooks\FX_FireBullets.cpp">
      <Filter>Source Files</Filter>
    </ClCompile>
    <ClCompile Include="src\SDK\Definitions\Main\INetMessage.cpp">
      <Filter>Source Files</Filter>
    </ClCompile>
    <ClCompile Include="src\SDK\Definitions\Main\KeyValues.cpp">
      <Filter>Source Files</Filter>
    </ClCompile>
    <ClCompile Include="src\SDK\Definitions\Main\MD5.cpp">
      <Filter>Source Files</Filter>
    </ClCompile>
    <ClCompile Include="src\SDK\Definitions\Misc\bitbuf.cpp">
      <Filter>Source Files</Filter>
    </ClCompile>
    <ClCompile Include="src\SDK\Definitions\Misc\ChecksumCRC.cpp">
      <Filter>Source Files</Filter>
    </ClCompile>
    <ClCompile Include="src\SDK\Definitions\NullInterfaces.cpp">
      <Filter>Source Files</Filter>
    </ClCompile>
    <ClCompile Include="src\SDK\Events\Events.cpp">
      <Filter>Source Files</Filter>
    </ClCompile>
    <ClCompile Include="src\SDK\Helpers\Entities\Entities.cpp">
      <Filter>Source Files</Filter>
    </ClCompile>
    <ClCompile Include="src\SDK\Helpers\TraceFilters\TraceFilters.cpp">
      <Filter>Source Files</Filter>
    </ClCompile>
    <ClCompile Include="src\SDK\SDK.cpp">
      <Filter>Source Files</Filter>
    </ClCompile>
    <ClCompile Include="src\Utils\ConVars\ConVars.cpp">
      <Filter>Source Files</Filter>
    </ClCompile>
    <ClCompile Include="src\Utils\CrashLog\CrashLog.cpp">
      <Filter>Source Files</Filter>
    </ClCompile>
    <ClCompile Include="src\Utils\Hooks\Hooks.cpp">
      <Filter>Source Files</Filter>
    </ClCompile>
    <ClCompile Include="src\Utils\Interfaces\Interfaces.cpp">
      <Filter>Source Files</Filter>
    </ClCompile>
    <ClCompile Include="src\Utils\Memory\Memory.cpp">
      <Filter>Source Files</Filter>
    </ClCompile>
    <ClCompile Include="src\Utils\NetVars\NetVars.cpp">
      <Filter>Source Files</Filter>
    </ClCompile>
    <ClCompile Include="src\Utils\Signatures\Signatures.cpp">
      <Filter>Source Files</Filter>
    </ClCompile>
    <ClCompile Include="src\Utils\Timer\Timer.cpp">
      <Filter>Source Files</Filter>
    </ClCompile>
    <ClCompile Include="src\DllMain.cpp">
      <Filter>Source Files</Filter>
    </ClCompile>
    <ClCompile Include="src\Features\Commands\Commands.cpp">
      <Filter>Source Files</Filter>
    </ClCompile>
    <ClCompile Include="src\Hooks\Cmd_ExecuteCommand.cpp">
      <Filter>Source Files</Filter>
    </ClCompile>
    <ClCompile Include="src\SDK\Definitions\Interfaces\CEntityList.cpp">
      <Filter>Source Files</Filter>
    </ClCompile>
    <ClCompile Include="src\Hooks\Plat_FloatTime.cpp">
      <Filter>Source Files</Filter>
    </ClCompile>
    <ClCompile Include="src\Hooks\CLagCompensationManager_StartLagCompensation.cpp">
      <Filter>Source Files</Filter>
    </ClCompile>
    <ClCompile Include="src\Hooks\CTFPlayer_FireBullet.cpp">
      <Filter>Source Files</Filter>
    </ClCompile>
    <ClCompile Include="src\Hooks\CBasePlayer_ProcessUsercmds.cpp">
      <Filter>Source Files</Filter>
    </ClCompile>
    <ClCompile Include="src\Hooks\NDebugOverlay.cpp">
      <Filter>Source Files</Filter>
    </ClCompile>
    <ClCompile Include="src\Hooks\CTFWeaponBaseGun_FireProjectile.cpp">
      <Filter>Source Files</Filter>
    </ClCompile>
    <ClCompile Include="src\Hooks\DataTable_Warning.cpp">
      <Filter>Source Files</Filter>
    </ClCompile>
    <ClCompile Include="src\Hooks\CTFProjectile_Arrow_ArrowTouch.cpp">
      <Filter>Source Files</Filter>
    </ClCompile>
    <ClCompile Include="src\Hooks\CBaseAnimating_DrawServerHitboxes.cpp">
      <Filter>Source Files</Filter>
    </ClCompile>
    <ClCompile Include="src\Hooks\CPlayerMove_RunCommand.cpp">
      <Filter>Source Files</Filter>
    </ClCompile>
    <ClCompile Include="src\Hooks\CTFWeaponBaseMelee_DoSwingTraceInternal.cpp">
      <Filter>Source Files</Filter>
    </ClCompile>
    <ClCompile Include="src\Hooks\CTFWeaponBase_CalcIsAttackCritical.cpp">
      <Filter>Source Files</Filter>
    </ClCompile>
    <ClCompile Include="src\Hooks\UTIL_EntitiesInSphere.cpp">
      <Filter>Source Files</Filter>
    </ClCompile>
  </ItemGroup>
  <ItemGroup>
    <ClInclude Include="include\MinHook\hde\hde32.h">
      <Filter>Header Files</Filter>
    </ClInclude>
    <ClInclude Include="include\MinHook\hde\hde64.h">
      <Filter>Header Files</Filter>
    </ClInclude>
    <ClInclude Include="include\MinHook\hde\pstdint.h">
      <Filter>Header Files</Filter>
    </ClInclude>
    <ClInclude Include="include\MinHook\hde\table32.h">
      <Filter>Header Files</Filter>
    </ClInclude>
    <ClInclude Include="include\MinHook\hde\table64.h">
      <Filter>Header Files</Filter>
    </ClInclude>
    <ClInclude Include="include\MinHook\buffer.h">
      <Filter>Header Files</Filter>
    </ClInclude>
    <ClInclude Include="include\MinHook\MinHook.h">
      <Filter>Header Files</Filter>
    </ClInclude>
    <ClInclude Include="include\MinHook\trampoline.h">
      <Filter>Header Files</Filter>
    </ClInclude>
    <ClInclude Include="src\BytePatches\BytePatches.h">
      <Filter>Header Files</Filter>
    </ClInclude>
    <ClInclude Include="src\Core\Core.h">
      <Filter>Header Files</Filter>
    </ClInclude>
    <ClInclude Include="src\SDK\Definitions\Interfaces\CGlobalVarsBase.h">
      <Filter>Header Files</Filter>
    </ClInclude>
    <ClInclude Include="src\SDK\Definitions\Interfaces\CTFGameRules.h">
      <Filter>Header Files</Filter>
    </ClInclude>
    <ClInclude Include="src\SDK\Definitions\Interfaces\ICVar.h">
      <Filter>Header Files</Filter>
    </ClInclude>
    <ClInclude Include="src\SDK\Definitions\Interfaces\IEngineTrace.h">
      <Filter>Header Files</Filter>
    </ClInclude>
    <ClInclude Include="src\SDK\Definitions\Interfaces\IEngineVGui.h">
      <Filter>Header Files</Filter>
    </ClInclude>
    <ClInclude Include="src\SDK\Definitions\Interfaces\IGameEvents.h">
      <Filter>Header Files</Filter>
    </ClInclude>
    <ClInclude Include="src\SDK\Definitions\Interfaces\IGameMovement.h">
      <Filter>Header Files</Filter>
    </ClInclude>
    <ClInclude Include="src\SDK\Definitions\Interfaces\IMoveHelper.h">
      <Filter>Header Files</Filter>
    </ClInclude>
    <ClInclude Include="src\SDK\Definitions\Interfaces\Interface.h">
      <Filter>Header Files</Filter>
    </ClInclude>
    <ClInclude Include="src\SDK\Definitions\Interfaces\IUniformRandomStream.h">
      <Filter>Header Files</Filter>
    </ClInclude>
    <ClInclude Include="src\SDK\Definitions\Interfaces\SteamInterfaces.h">
      <Filter>Header Files</Filter>
    </ClInclude>
    <ClInclude Include="src\SDK\Definitions\Interfaces\VPhysics.h">
      <Filter>Header Files</Filter>
    </ClInclude>
    <ClInclude Include="src\SDK\Definitions\Main\CBaseAnimating.h">
      <Filter>Header Files</Filter>
    </ClInclude>
    <ClInclude Include="src\SDK\Definitions\Main\CBaseCombatCharacter.h">
      <Filter>Header Files</Filter>
    </ClInclude>
    <ClInclude Include="src\SDK\Definitions\Main\CBaseCombatWeapon.h">
      <Filter>Header Files</Filter>
    </ClInclude>
    <ClInclude Include="src\SDK\Definitions\Main\CBaseEntity.h">
      <Filter>Header Files</Filter>
    </ClInclude>
    <ClInclude Include="src\SDK\Definitions\Main\CBaseFlex.h">
      <Filter>Header Files</Filter>
    </ClInclude>
    <ClInclude Include="src\SDK\Definitions\Main\CBaseHandle.h">
      <Filter>Header Files</Filter>
    </ClInclude>
    <ClInclude Include="src\SDK\Definitions\Main\CBaseObject.h">
      <Filter>Header Files</Filter>
    </ClInclude>
    <ClInclude Include="src\SDK\Definitions\Main\CBasePlayer.h">
      <Filter>Header Files</Filter>
    </ClInclude>
    <ClInclude Include="src\SDK\Definitions\Main\CBaseProjectile.h">
      <Filter>Header Files</Filter>
    </ClInclude>
    <ClInclude Include="src\SDK\Definitions\Main\CBaseTrace.h">
      <Filter>Header Files</Filter>
    </ClInclude>
    <ClInclude Include="src\SDK\Definitions\Main\CCaptureFlag.h">
      <Filter>Header Files</Filter>
    </ClInclude>
    <ClInclude Include="src\SDK\Definitions\Main\CCollisionProperty.h">
      <Filter>Header Files</Filter>
    </ClInclude>
    <ClInclude Include="src\SDK\Definitions\Main\CEconDefinition.h">
      <Filter>Header Files</Filter>
    </ClInclude>
    <ClInclude Include="src\SDK\Definitions\Main\CEconEntity.h">
      <Filter>Header Files</Filter>
    </ClInclude>
    <ClInclude Include="src\SDK\Definitions\Main\CEconWearable.h">
      <Filter>Header Files</Filter>
    </ClInclude>
    <ClInclude Include="src\SDK\Definitions\Main\CEntitySphereQuery.h">
      <Filter>Header Files</Filter>
    </ClInclude>
    <ClInclude Include="src\SDK\Definitions\Main\CGameTrace.h">
      <Filter>Header Files</Filter>
    </ClInclude>
    <ClInclude Include="src\SDK\Definitions\Main\CHalloweenPickup.h">
      <Filter>Header Files</Filter>
    </ClInclude>
    <ClInclude Include="src\SDK\Definitions\Main\CModel.h">
      <Filter>Header Files</Filter>
    </ClInclude>
    <ClInclude Include="src\SDK\Definitions\Main\CMultiPlayerAnimState.h">
      <Filter>Header Files</Filter>
    </ClInclude>
    <ClInclude Include="src\SDK\Definitions\Main\CParticleProperty.h">
      <Filter>Header Files</Filter>
    </ClInclude>
    <ClInclude Include="src\SDK\Definitions\Main\CTFPlayer.h">
      <Filter>Header Files</Filter>
    </ClInclude>
    <ClInclude Include="src\SDK\Definitions\Main\CTFPlayerResource.h">
      <Filter>Header Files</Filter>
    </ClInclude>
    <ClInclude Include="src\SDK\Definitions\Main\CTFWeaponBase.h">
      <Filter>Header Files</Filter>
    </ClInclude>
    <ClInclude Include="src\SDK\Definitions\Main\CUserCmd.h">
      <Filter>Header Files</Filter>
    </ClInclude>
    <ClInclude Include="src\SDK\Definitions\Main\IAchievementMgr.h">
      <Filter>Header Files</Filter>
    </ClInclude>
    <ClInclude Include="src\SDK\Definitions\Main\IServerEntity.h">
      <Filter>Header Files</Filter>
    </ClInclude>
    <ClInclude Include="src\SDK\Definitions\Main\IServerNetworkable.h">
      <Filter>Header Files</Filter>
    </ClInclude>
    <ClInclude Include="src\SDK\Definitions\Main\IServerUnknown.h">
      <Filter>Header Files</Filter>
    </ClInclude>
    <ClInclude Include="src\SDK\Definitions\Main\IHandleEntity.h">
      <Filter>Header Files</Filter>
    </ClInclude>
    <ClInclude Include="src\SDK\Definitions\Main\IMaterial.h">
      <Filter>Header Files</Filter>
    </ClInclude>
    <ClInclude Include="src\SDK\Definitions\Main\IMaterialVar.h">
      <Filter>Header Files</Filter>
    </ClInclude>
    <ClInclude Include="src\SDK\Definitions\Main\INetChannel.h">
      <Filter>Header Files</Filter>
    </ClInclude>
    <ClInclude Include="src\SDK\Definitions\Main\INetChannelInfo.h">
      <Filter>Header Files</Filter>
    </ClInclude>
    <ClInclude Include="src\SDK\Definitions\Main\INetMessage.h">
      <Filter>Header Files</Filter>
    </ClInclude>
    <ClInclude Include="src\SDK\Definitions\Main\INetworkMessage.h">
      <Filter>Header Files</Filter>
    </ClInclude>
    <ClInclude Include="src\SDK\Definitions\Main\INetworkSystem.h">
      <Filter>Header Files</Filter>
    </ClInclude>
    <ClInclude Include="src\SDK\Definitions\Main\ITexture.h">
      <Filter>Header Files</Filter>
    </ClInclude>
    <ClInclude Include="src\SDK\Definitions\Main\KeyValues.h">
      <Filter>Header Files</Filter>
    </ClInclude>
    <ClInclude Include="src\SDK\Definitions\Main\MD5.h">
      <Filter>Header Files</Filter>
    </ClInclude>
    <ClInclude Include="src\SDK\Definitions\Main\NetChannel.h">
      <Filter>Header Files</Filter>
    </ClInclude>
    <ClInclude Include="src\SDK\Definitions\Main\UtlVector.h">
      <Filter>Header Files</Filter>
    </ClInclude>
    <ClInclude Include="src\SDK\Definitions\Misc\Activity.h">
      <Filter>Header Files</Filter>
    </ClInclude>
    <ClInclude Include="src\SDK\Definitions\Misc\AnalogCode.h">
      <Filter>Header Files</Filter>
    </ClInclude>
    <ClInclude Include="src\SDK\Definitions\Misc\BaseTypes.h">
      <Filter>Header Files</Filter>
    </ClInclude>
    <ClInclude Include="src\SDK\Definitions\Misc\bitbuf.h">
      <Filter>Header Files</Filter>
    </ClInclude>
    <ClInclude Include="src\SDK\Definitions\Misc\bitvec.h">
      <Filter>Header Files</Filter>
    </ClInclude>
    <ClInclude Include="src\SDK\Definitions\Misc\BSPFlags.h">
      <Filter>Header Files</Filter>
    </ClInclude>
    <ClInclude Include="src\SDK\Definitions\Misc\ButtonCode.h">
      <Filter>Header Files</Filter>
    </ClInclude>
    <ClInclude Include="src\SDK\Definitions\Main\CGameEventListener.h">
      <Filter>Header Files</Filter>
    </ClInclude>
    <ClInclude Include="src\SDK\Definitions\Misc\ChecksumCRC.h">
      <Filter>Header Files</Filter>
    </ClInclude>
    <ClInclude Include="src\SDK\Definitions\Misc\ClientClass.h">
      <Filter>Header Files</Filter>
    </ClInclude>
    <ClInclude Include="src\SDK\Definitions\Misc\CommonMacros.h">
      <Filter>Header Files</Filter>
    </ClInclude>
    <ClInclude Include="src\SDK\Definitions\Misc\ConVar.h">
      <Filter>Header Files</Filter>
    </ClInclude>
    <ClInclude Include="src\SDK\Definitions\Misc\CPlayerResource.h">
      <Filter>Header Files</Filter>
    </ClInclude>
    <ClInclude Include="src\SDK\Definitions\Misc\Cursor.h">
      <Filter>Header Files</Filter>
    </ClInclude>
    <ClInclude Include="src\SDK\Definitions\Misc\CViewSetup.h">
      <Filter>Header Files</Filter>
    </ClInclude>
    <ClInclude Include="src\SDK\Definitions\Misc\Datamap.h">
      <Filter>Header Files</Filter>
    </ClInclude>
    <ClInclude Include="src\SDK\Definitions\Misc\Deformations.h">
      <Filter>Header Files</Filter>
    </ClInclude>
    <ClInclude Include="src\SDK\Definitions\Misc\dt_common.h">
      <Filter>Header Files</Filter>
    </ClInclude>
    <ClInclude Include="src\SDK\Definitions\Misc\dt_recv.h">
      <Filter>Header Files</Filter>
    </ClInclude>
    <ClInclude Include="src\SDK\Definitions\Misc\dt_send.h">
      <Filter>Header Files</Filter>
    </ClInclude>
    <ClInclude Include="src\SDK\Definitions\Misc\IAppSystem.h">
      <Filter>Header Files</Filter>
    </ClInclude>
    <ClInclude Include="src\SDK\Definitions\Misc\IClientMode.h">
      <Filter>Header Files</Filter>
    </ClInclude>
    <ClInclude Include="src\SDK\Definitions\Misc\IColorCorrectionSystem.h">
      <Filter>Header Files</Filter>
    </ClInclude>
    <ClInclude Include="src\SDK\Definitions\Misc\IConVar.h">
      <Filter>Header Files</Filter>
    </ClInclude>
    <ClInclude Include="src\SDK\Definitions\Misc\IGameResources.h">
      <Filter>Header Files</Filter>
    </ClInclude>
    <ClInclude Include="src\SDK\Definitions\Misc\IHTML.h">
      <Filter>Header Files</Filter>
    </ClInclude>
    <ClInclude Include="src\SDK\Definitions\Misc\IImage.h">
      <Filter>Header Files</Filter>
    </ClInclude>
    <ClInclude Include="src\SDK\Definitions\Misc\ImageFormat.h">
      <Filter>Header Files</Filter>
    </ClInclude>
    <ClInclude Include="src\SDK\Definitions\Misc\IMaterialSystemHardwareConfig.h">
      <Filter>Header Files</Filter>
    </ClInclude>
    <ClInclude Include="src\SDK\Definitions\Misc\IMDLCache.h">
      <Filter>Header Files</Filter>
    </ClInclude>
    <ClInclude Include="src\SDK\Definitions\Misc\InputEnums.h">
      <Filter>Header Files</Filter>
    </ClInclude>
    <ClInclude Include="src\SDK\Definitions\Misc\IPrediction.h">
      <Filter>Header Files</Filter>
    </ClInclude>
    <ClInclude Include="src\SDK\Definitions\Misc\IRefCounted.h">
      <Filter>Header Files</Filter>
    </ClInclude>
    <ClInclude Include="src\SDK\Definitions\Misc\ISpatialPartition.h">
      <Filter>Header Files</Filter>
    </ClInclude>
    <ClInclude Include="src\SDK\Definitions\Misc\ISurface.h">
      <Filter>Header Files</Filter>
    </ClInclude>
    <ClInclude Include="src\SDK\Definitions\Misc\IVguiMatInfo.h">
      <Filter>Header Files</Filter>
    </ClInclude>
    <ClInclude Include="src\SDK\Definitions\Misc\IVguiMatInfoVar.h">
      <Filter>Header Files</Filter>
    </ClInclude>
    <ClInclude Include="src\SDK\Definitions\Misc\KeyCode.h">
      <Filter>Header Files</Filter>
    </ClInclude>
    <ClInclude Include="src\SDK\Definitions\Misc\LightDesc.h">
      <Filter>Header Files</Filter>
    </ClInclude>
    <ClInclude Include="src\SDK\Definitions\Misc\LocalFlexController.h">
      <Filter>Header Files</Filter>
    </ClInclude>
    <ClInclude Include="src\SDK\Definitions\Misc\Modes.h">
      <Filter>Header Files</Filter>
    </ClInclude>
    <ClInclude Include="src\SDK\Definitions\Misc\MouseCode.h">
      <Filter>Header Files</Filter>
    </ClInclude>
    <ClInclude Include="src\SDK\Definitions\Misc\NetAdr.h">
      <Filter>Header Files</Filter>
    </ClInclude>
    <ClInclude Include="src\SDK\Definitions\Misc\ServerClass.h">
      <Filter>Header Files</Filter>
    </ClInclude>
    <ClInclude Include="src\SDK\Definitions\Misc\SmartPtr.h">
      <Filter>Header Files</Filter>
    </ClInclude>
    <ClInclude Include="src\SDK\Definitions\Misc\String.h">
      <Filter>Header Files</Filter>
    </ClInclude>
    <ClInclude Include="src\SDK\Definitions\Misc\Studio.h">
      <Filter>Header Files</Filter>
    </ClInclude>
    <ClInclude Include="src\SDK\Definitions\Misc\TextureGroupNames.h">
      <Filter>Header Files</Filter>
    </ClInclude>
    <ClInclude Include="src\SDK\Definitions\Misc\UtlIntrusiveList.h">
      <Filter>Header Files</Filter>
    </ClInclude>
    <ClInclude Include="src\SDK\Definitions\Misc\UtlObjectReference.h">
      <Filter>Header Files</Filter>
    </ClInclude>
    <ClInclude Include="src\SDK\Definitions\Misc\VCollide.h">
      <Filter>Header Files</Filter>
    </ClInclude>
    <ClInclude Include="src\SDK\Definitions\Misc\VGUI.h">
      <Filter>Header Files</Filter>
    </ClInclude>
    <ClInclude Include="src\SDK\Definitions\Misc\VPlane.h">
      <Filter>Header Files</Filter>
    </ClInclude>
    <ClInclude Include="src\SDK\Definitions\Misc\VTF.h">
      <Filter>Header Files</Filter>
    </ClInclude>
    <ClInclude Include="src\SDK\Definitions\Steam\ISteamAppList.h">
      <Filter>Header Files</Filter>
    </ClInclude>
    <ClInclude Include="src\SDK\Definitions\Steam\ISteamApps.h">
      <Filter>Header Files</Filter>
    </ClInclude>
    <ClInclude Include="src\SDK\Definitions\Steam\ISteamAppTicket.h">
      <Filter>Header Files</Filter>
    </ClInclude>
    <ClInclude Include="src\SDK\Definitions\Steam\ISteamClient.h">
      <Filter>Header Files</Filter>
    </ClInclude>
    <ClInclude Include="src\SDK\Definitions\Steam\ISteamController.h">
      <Filter>Header Files</Filter>
    </ClInclude>
    <ClInclude Include="src\SDK\Definitions\Steam\ISteamDualSense.h">
      <Filter>Header Files</Filter>
    </ClInclude>
    <ClInclude Include="src\SDK\Definitions\Steam\ISteamFriends.h">
      <Filter>Header Files</Filter>
    </ClInclude>
    <ClInclude Include="src\SDK\Definitions\Steam\ISteamGameCoordinator.h">
      <Filter>Header Files</Filter>
    </ClInclude>
    <ClInclude Include="src\SDK\Definitions\Steam\ISteamGameServer.h">
      <Filter>Header Files</Filter>
    </ClInclude>
    <ClInclude Include="src\SDK\Definitions\Steam\ISteamGameServerStats.h">
      <Filter>Header Files</Filter>
    </ClInclude>
    <ClInclude Include="src\SDK\Definitions\Steam\ISteamHTMLSurface.h">
      <Filter>Header Files</Filter>
    </ClInclude>
    <ClInclude Include="src\SDK\Definitions\Steam\ISteamHTTP.h">
      <Filter>Header Files</Filter>
    </ClInclude>
    <ClInclude Include="src\SDK\Definitions\Steam\ISteamInput.h">
      <Filter>Header Files</Filter>
    </ClInclude>
    <ClInclude Include="src\SDK\Definitions\Steam\ISteamInventory.h">
      <Filter>Header Files</Filter>
    </ClInclude>
    <ClInclude Include="src\SDK\Definitions\Steam\ISteamMatchmaking.h">
      <Filter>Header Files</Filter>
    </ClInclude>
    <ClInclude Include="src\SDK\Definitions\Steam\ISteamMusic.h">
      <Filter>Header Files</Filter>
    </ClInclude>
    <ClInclude Include="src\SDK\Definitions\Steam\ISteamMusicRemote.h">
      <Filter>Header Files</Filter>
    </ClInclude>
    <ClInclude Include="src\SDK\Definitions\Steam\ISteamNetworking.h">
      <Filter>Header Files</Filter>
    </ClInclude>
    <ClInclude Include="src\SDK\Definitions\Steam\ISteamNetworkingMessages.h">
      <Filter>Header Files</Filter>
    </ClInclude>
    <ClInclude Include="src\SDK\Definitions\Steam\ISteamNetworkingSockets.h">
      <Filter>Header Files</Filter>
    </ClInclude>
    <ClInclude Include="src\SDK\Definitions\Steam\ISteamNetworkingUtils.h">
      <Filter>Header Files</Filter>
    </ClInclude>
    <ClInclude Include="src\SDK\Definitions\Steam\ISteamParentalSettings.h">
      <Filter>Header Files</Filter>
    </ClInclude>
    <ClInclude Include="src\SDK\Definitions\Steam\ISteamPS3OverlayRenderer.h">
      <Filter>Header Files</Filter>
    </ClInclude>
    <ClInclude Include="src\SDK\Definitions\Steam\ISteamRemotePlay.h">
      <Filter>Header Files</Filter>
    </ClInclude>
    <ClInclude Include="src\SDK\Definitions\Steam\ISteamRemoteStorage.h">
      <Filter>Header Files</Filter>
    </ClInclude>
    <ClInclude Include="src\SDK\Definitions\Steam\ISteamScreenshots.h">
      <Filter>Header Files</Filter>
    </ClInclude>
    <ClInclude Include="src\SDK\Definitions\Steam\ISteamUGC.h">
      <Filter>Header Files</Filter>
    </ClInclude>
    <ClInclude Include="src\SDK\Definitions\Steam\ISteamUser.h">
      <Filter>Header Files</Filter>
    </ClInclude>
    <ClInclude Include="src\SDK\Definitions\Steam\ISteamUserStats.h">
      <Filter>Header Files</Filter>
    </ClInclude>
    <ClInclude Include="src\SDK\Definitions\Steam\ISteamUtils.h">
      <Filter>Header Files</Filter>
    </ClInclude>
    <ClInclude Include="src\SDK\Definitions\Steam\ISteamVideo.h">
      <Filter>Header Files</Filter>
    </ClInclude>
    <ClInclude Include="src\SDK\Definitions\Steam\MatchmakingTypes.h">
      <Filter>Header Files</Filter>
    </ClInclude>
    <ClInclude Include="src\SDK\Definitions\Steam\Steam_API.h">
      <Filter>Header Files</Filter>
    </ClInclude>
    <ClInclude Include="src\SDK\Definitions\Steam\Steam_API_Common.h">
      <Filter>Header Files</Filter>
    </ClInclude>
    <ClInclude Include="src\SDK\Definitions\Steam\Steam_API_Flat.h">
      <Filter>Header Files</Filter>
    </ClInclude>
    <ClInclude Include="src\SDK\Definitions\Steam\Steam_API_Internal.h">
      <Filter>Header Files</Filter>
    </ClInclude>
    <ClInclude Include="src\SDK\Definitions\Steam\Steam_Gameserver.h">
      <Filter>Header Files</Filter>
    </ClInclude>
    <ClInclude Include="src\SDK\Definitions\Steam\SteamClientPublic.h">
      <Filter>Header Files</Filter>
    </ClInclude>
    <ClInclude Include="src\SDK\Definitions\Steam\SteamEncryptedAppTicket.h">
      <Filter>Header Files</Filter>
    </ClInclude>
    <ClInclude Include="src\SDK\Definitions\Steam\SteamHTTPEnums.h">
      <Filter>Header Files</Filter>
    </ClInclude>
    <ClInclude Include="src\SDK\Definitions\Steam\SteamNetworkingFakeIP.h">
      <Filter>Header Files</Filter>
    </ClInclude>
    <ClInclude Include="src\SDK\Definitions\Steam\SteamNetworkingTypes.h">
      <Filter>Header Files</Filter>
    </ClInclude>
    <ClInclude Include="src\SDK\Definitions\Steam\SteamPS3Params.h">
      <Filter>Header Files</Filter>
    </ClInclude>
    <ClInclude Include="src\SDK\Definitions\Steam\SteamTypes.h">
      <Filter>Header Files</Filter>
    </ClInclude>
    <ClInclude Include="src\SDK\Definitions\Steam\SteamUniverse.h">
      <Filter>Header Files</Filter>
    </ClInclude>
    <ClInclude Include="src\SDK\Definitions\Classes.h">
      <Filter>Header Files</Filter>
    </ClInclude>
    <ClInclude Include="src\SDK\Definitions\Definitions.h">
      <Filter>Header Files</Filter>
    </ClInclude>
    <ClInclude Include="src\SDK\Definitions\Interfaces.h">
      <Filter>Header Files</Filter>
    </ClInclude>
    <ClInclude Include="src\SDK\Definitions\Types.h">
      <Filter>Header Files</Filter>
    </ClInclude>
    <ClInclude Include="src\SDK\Events\Events.h">
      <Filter>Header Files</Filter>
    </ClInclude>
    <ClInclude Include="src\SDK\Helpers\Entities\Entities.h">
      <Filter>Header Files</Filter>
    </ClInclude>
    <ClInclude Include="src\SDK\Helpers\TraceFilters\TraceFilters.h">
      <Filter>Header Files</Filter>
    </ClInclude>
    <ClInclude Include="src\SDK\Globals.h">
      <Filter>Header Files</Filter>
    </ClInclude>
    <ClInclude Include="src\SDK\SDK.h">
      <Filter>Header Files</Filter>
    </ClInclude>
    <ClInclude Include="src\Utils\ConVars\ConVars.h">
      <Filter>Header Files</Filter>
    </ClInclude>
    <ClInclude Include="src\Utils\CrashLog\CrashLog.h">
      <Filter>Header Files</Filter>
    </ClInclude>
    <ClInclude Include="src\Utils\Macros\Macros.h">
      <Filter>Header Files</Filter>
    </ClInclude>
    <ClInclude Include="src\Utils\Hash\FNV1A.h">
      <Filter>Header Files</Filter>
    </ClInclude>
    <ClInclude Include="src\Utils\Hooks\Hooks.h">
      <Filter>Header Files</Filter>
    </ClInclude>
    <ClInclude Include="src\Utils\Interfaces\Interfaces.h">
      <Filter>Header Files</Filter>
    </ClInclude>
    <ClInclude Include="src\Utils\Math\Math.h">
      <Filter>Header Files</Filter>
    </ClInclude>
    <ClInclude Include="src\Utils\Memory\Memory.h">
      <Filter>Header Files</Filter>
    </ClInclude>
    <ClInclude Include="src\Utils\NetVars\NetVars.h">
      <Filter>Header Files</Filter>
    </ClInclude>
    <ClInclude Include="src\Utils\Signatures\Signatures.h">
      <Filter>Header Files</Filter>
    </ClInclude>
    <ClInclude Include="src\Utils\Timer\Timer.h">
      <Filter>Header Files</Filter>
    </ClInclude>
    <ClInclude Include="src\SDK\Definitions\Interfaces\IVModelInfo.h">
      <Filter>Header Files</Filter>
    </ClInclude>
    <ClInclude Include="src\Features\Commands\Commands.h">
      <Filter>Header Files</Filter>
    </ClInclude>
    <ClInclude Include="src\SDK\Definitions\Interfaces\IMaterialSystem.h">
      <Filter>Header Files</Filter>
    </ClInclude>
    <ClInclude Include="src\SDK\Definitions\Misc\edict_t.h">
      <Filter>Header Files</Filter>
    </ClInclude>
    <ClInclude Include="src\SDK\Definitions\Interfaces\CEntityList.h">
      <Filter>Header Files</Filter>
    </ClInclude>
    <ClInclude Include="src\SDK\Definitions\Interfaces\IServerGameDLL.h">
      <Filter>Header Files</Filter>
    </ClInclude>
    <ClInclude Include="src\SDK\Definitions\Interfaces\IVEngineServer.h">
      <Filter>Header Files</Filter>
    </ClInclude>
    <ClInclude Include="src\SDK\Definitions\Main\PlayerStats.h">
      <Filter>Header Files</Filter>
    </ClInclude>
  </ItemGroup>
  <ItemGroup>
    <None Include="cpp.hint" />
    <None Include="packages.config" />
  </ItemGroup>
</Project>